<?xml version="1.0" encoding="utf-8"?>
<Project ToolsVersion="4.0" xmlns="http://schemas.microsoft.com/developer/msbuild/2003">
  <ItemGroup>
    <Filter Include="Headers">
      <UniqueIdentifier>{e7cf5547-1f4a-4eb2-a4a8-df90b2f98974}</UniqueIdentifier>
    </Filter>
    <Filter Include="Sources">
      <UniqueIdentifier>{9be592f4-2afe-499e-afe8-ab7bedbe0bdf}</UniqueIdentifier>
    </Filter>
  </ItemGroup>
  <ItemGroup>
    <ClCompile Include="..\src\active.cpp">
      <Filter>Sources</Filter>
    </ClCompile>
    <ClCompile Include="..\src\crashhandler_win.cpp">
      <Filter>Sources</Filter>
    </ClCompile>
    <ClCompile Include="..\src\g2log.cpp">
      <Filter>Sources</Filter>
    </ClCompile>
    <ClCompile Include="..\src\g2logworker.cpp">
      <Filter>Sources</Filter>
    </ClCompile>
    <ClCompile Include="..\src\g2time.cpp">
      <Filter>Sources</Filter>
    </ClCompile>
    <ClCompile Include="g2log_dll.cpp">
      <Filter>Sources</Filter>
    </ClCompile>
  </ItemGroup>
  <ItemGroup>
    <ClInclude Include="..\src\shared_queue.h">
      <Filter>Headers</Filter>
    </ClInclude>
    <ClInclude Include="..\src\active.h">
      <Filter>Headers</Filter>
    </ClInclude>
    <ClInclude Include="..\src\crashhandler.h">
      <Filter>Headers</Filter>
    </ClInclude>
    <ClInclude Include="..\src\g2future.h">
      <Filter>Headers</Filter>
    </ClInclude>
    <ClInclude Include="..\src\g2log.h">
      <Filter>Headers</Filter>
    </ClInclude>
    <ClInclude Include="..\src\g2logworker.h">
      <Filter>Headers</Filter>
    </ClInclude>
    <ClInclude Include="..\src\g2time.h">
      <Filter>Headers</Filter>
    </ClInclude>
    <ClInclude Include="g2log_dll.h">
      <Filter>Headers</Filter>
    </ClInclude>
  </ItemGroup>
</Project>